
Microsoft Visual Studio Solution File, Format Version 12.00
# Visual Studio 15
Project("{FAE04EC0-301F-11D3-BF4B-00C04F79EFBC}") = "Assembly-CSharp", "Assembly-CSharp.csproj", "{4BB99075-5ACB-7AAC-BFD3-786484F28A3C}"
EndProject
Project("{FAE04EC0-301F-11D3-BF4B-00C04F79EFBC}") = "Assembly-CSharp-Editor", "Assembly-CSharp-Editor.csproj", "{E2E3C69F-0F4F-D58D-C2EE-C9E961CBB244}"
EndProject
Global
	GlobalSection(SolutionConfigurationPlatforms) = preSolution
		Debug|Any CPU = Debug|Any CPU
		Release|Any CPU = Release|Any CPU
	EndGlobalSection
	GlobalSection(ProjectConfigurationPlatforms) = postSolution
		{4BB99075-5ACB-7AAC-BFD3-786484F28A3C}.Debug|Any CPU.ActiveCfg = Debug|Any CPU
		{4BB99075-5ACB-7AAC-BFD3-786484F28A3C}.Debug|Any CPU.Build.0 = Debug|Any CPU
		{4BB99075-5ACB-7AAC-BFD3-786484F28A3C}.Release|Any CPU.ActiveCfg = Release|Any CPU
		{4BB99075-5ACB-7AAC-BFD3-786484F28A3C}.Release|Any CPU.Build.0 = Release|Any CPU
		{E2E3C69F-0F4F-D58D-C2EE-C9E961CBB244}.Debug|Any CPU.ActiveCfg = Debug|Any CPU
		{E2E3C69F-0F4F-D58D-C2EE-C9E961CBB244}.Debug|Any CPU.Build.0 = Debug|Any CPU
		{E2E3C69F-0F4F-D58D-C2EE-C9E961CBB244}.Release|Any CPU.ActiveCfg = Release|Any CPU
		{E2E3C69F-0F4F-D58D-C2EE-C9E961CBB244}.Release|Any CPU.Build.0 = Release|Any CPU
	EndGlobalSection
	GlobalSection(SolutionProperties) = preSolution
		HideSolutionNode = FALSE
	EndGlobalSection
EndGlobal
